{
  "requires": true,
  "lockfileVersion": 1,
  "dependencies": {
    "eme-encryption-scheme-polyfill": {
      "version": "1.0.3",
      "resolved": "https://registry.npmjs.org/eme-encryption-scheme-polyfill/-/eme-encryption-scheme-polyfill-1.0.3.tgz",
      "integrity": "sha512-BO98g91VkDSpFHHgWAeppz9hn1U3WRQWKh4O3mZk5JvaUvgYm0Q67t7/bC+8iEQsK+JA/K7+v2lhz1B+zXR/zA=="
    },
    "shaka-player": {
      "version": "2.5.7",
      "resolved": "https://registry.npmjs.org/shaka-player/-/shaka-player-2.5.7.tgz",
      "integrity": "sha512-Hcanwr1cnGru1E42EXml6XaoRCByutr3DRI9LRoknZKdIlsBG+F4kT5aWrMlwFw6foFNw9hoMpRsB6LWUPlrIw==",
      "requires": {
        "eme-encryption-scheme-polyfill": "^1.0.2"
      }
    }
  }
}
